metadata:
  version: "1.0"
artifacts:
  - filename: "kustomize.tar.gz"
    download_url: "https://github.com/kubernetes-sigs/kustomize/releases/download/kustomize%2Fv5.4.1/kustomize_v5.4.1_linux_amd64.tar.gz"
    checksum: "sha256:3d659a80398658d4fec4ec4ca184b432afa1d86451a60be63ca6e14311fc1c42"
  - filename: "operator-sdk"
    download_url: "https://github.com/operator-framework/operator-sdk/releases/download/v1.32.0/operator-sdk_linux_amd64"
    checksum: "sha256:39f3d31529c49906bec8e1e3c017f536ad13faa994f02288782d9742452d4a65"
  - filename: "controller-gen"
    download_url: "https://github.com/kubernetes-sigs/controller-tools/releases/download/v0.16.5/controller-gen-linux-amd64"
    checksum: "sha256:4ce969dde27e48e270c0233367c6d7fdc0219bd9762ae551a3ea6cb25ded8ff6"
